{
  "name": "app",
  "requires": true,
  "lockfileVersion": 1,
  "dependencies": {
    "gl-preserve-state": {
      "version": "1.0.0",
      "resolved": "https://registry.npmjs.org/gl-preserve-state/-/gl-preserve-state-1.0.0.tgz",
      "integrity": "sha512-zQZ25l3haD4hvgJZ6C9+s0ebdkW9y+7U2qxvGu1uWOJh8a4RU+jURIKEQhf8elIlFpMH6CrAY2tH0mYrRjet3Q=="
    },
    "three": {
      "version": "0.144.0",
      "resolved": "https://registry.npmjs.org/three/-/three-0.144.0.tgz",
      "integrity": "sha512-R8AXPuqfjfRJKkYoTQcTK7A6i3AdO9++2n8ubya/GTU+fEHhYKu1ZooRSCPkx69jbnzT7dD/xEo6eROQTt2lJw=="
    },
    "three.ar.js": {
      "version": "0.1.8",
      "resolved": "https://registry.npmjs.org/three.ar.js/-/three.ar.js-0.1.8.tgz",
      "integrity": "sha512-NcFz7NKF5ikK/1anuvIBoj40m+xf5gENOlnvUv0ieA6HwQ1PWX9iXIsRqzcT/uwyuqSw488eYpeEtis3dC7Dpw==",
      "requires": {
        "gl-preserve-state": "^1.0.0"
      }
    },
    "three.js": {
      "version": "0.77.1",
      "resolved": "https://registry.npmjs.org/three.js/-/three.js-0.77.1.tgz",
      "integrity": "sha512-lVMYlBXhhHlZtsF+cQdev6WCm2fSWs3I+A6Z63j6TBmkVXOYgdo9AUCRemfsw5mllqWx23VubJ5Qt8/uWKQpJA==",
      "requires": {
        "three": "0.77.0"
      },
      "dependencies": {
        "three": {
          "version": "0.77.0",
          "resolved": "https://registry.npmjs.org/three/-/three-0.77.0.tgz",
          "integrity": "sha512-YWEp8ahs2l+6fAFVbanLVQoSBwVq5jDct3nZdBSHHXb5I/w5oy/LCMAzIOAguKWclRqcjR4W1BeP5QBnftGbpA=="
        }
      }
    }
  }
}
